dependencies:
- name: postgresql
  repository: https://charts.bitnami.com/bitnami
  version: 16.4.15
- name: api-services
  repository: file://../api-services
  version: 1.0.0
digest: sha256:92b6a2c5b9f9c2bf72cd3b99bdb86e750ed18c6163a3a59e9366d63f18212d26
generated: "2026-01-06T10:13:36.475762213+02:00"
